
Microsoft Visual Studio Solution File, Format Version 12.00
# Visual Studio Version 17
VisualStudioVersion = 17.8.34330.188
MinimumVisualStudioVersion = 10.0.40219.1
Project("{FAE04EC0-301F-11D3-BF4B-00C04F79EFBC}") = "AvayaRunbooks.Service", "AvayaRunbooks.Service\AvayaRunbooks.Service.csproj", "{20AAECE9-7B18-48A0-B279-6663C8497346}"
EndProject
Project("{FAE04EC0-301F-11D3-BF4B-00C04F79EFBC}") = "AvayaRunbooks.Console", "AvayaRunbooks.Console\AvayaRunbooks.Console.csproj", "{32026268-8B7F-44D9-9D8D-C1AC24DE55D1}"
EndProject
Global
	GlobalSection(SolutionConfigurationPlatforms) = preSolution
		Debug|Any CPU = Debug|Any CPU
		Release|Any CPU = Release|Any CPU
	EndGlobalSection
	GlobalSection(ProjectConfigurationPlatforms) = postSolution
		{20AAECE9-7B18-48A0-B279-6663C8497346}.Debug|Any CPU.ActiveCfg = Debug|Any CPU
		{20AAECE9-7B18-48A0-B279-6663C8497346}.Debug|Any CPU.Build.0 = Debug|Any CPU
		{20AAECE9-7B18-48A0-B279-6663C8497346}.Release|Any CPU.ActiveCfg = Release|Any CPU
		{20AAECE9-7B18-48A0-B279-6663C8497346}.Release|Any CPU.Build.0 = Release|Any CPU
		{32026268-8B7F-44D9-9D8D-C1AC24DE55D1}.Debug|Any CPU.ActiveCfg = Debug|Any CPU
		{32026268-8B7F-44D9-9D8D-C1AC24DE55D1}.Debug|Any CPU.Build.0 = Debug|Any CPU
		{32026268-8B7F-44D9-9D8D-C1AC24DE55D1}.Release|Any CPU.ActiveCfg = Release|Any CPU
		{32026268-8B7F-44D9-9D8D-C1AC24DE55D1}.Release|Any CPU.Build.0 = Release|Any CPU
	EndGlobalSection
	GlobalSection(SolutionProperties) = preSolution
		HideSolutionNode = FALSE
	EndGlobalSection
	GlobalSection(ExtensibilityGlobals) = postSolution
		SolutionGuid = {7EC29149-A861-44B4-8AB8-3BBBC5A032D6}
	EndGlobalSection
EndGlobal
